
Microsoft Visual Studio Solution File, Format Version 12.00
# Visual Studio 15
VisualStudioVersion = 15.0.28307.1433
MinimumVisualStudioVersion = 10.0.40219.1
Project("{8BC9CEB8-8B4A-11D0-8D11-00A0C91BC942}") = "Q154", "Q154\Q154.vcxproj", "{CFCE4CE1-6B6B-4378-865D-029AD300AEA3}"
EndProject
Global
	GlobalSection(SolutionConfigurationPlatforms) = preSolution
		Debug|x64 = Debug|x64
		Debug|x86 = Debug|x86
		Release|x64 = Release|x64
		Release|x86 = Release|x86
	EndGlobalSection
	GlobalSection(ProjectConfigurationPlatforms) = postSolution
		{CFCE4CE1-6B6B-4378-865D-029AD300AEA3}.Debug|x64.ActiveCfg = Debug|x64
		{CFCE4CE1-6B6B-4378-865D-029AD300AEA3}.Debug|x64.Build.0 = Debug|x64
		{CFCE4CE1-6B6B-4378-865D-029AD300AEA3}.Debug|x86.ActiveCfg = Debug|Win32
		{CFCE4CE1-6B6B-4378-865D-029AD300AEA3}.Debug|x86.Build.0 = Debug|Win32
		{CFCE4CE1-6B6B-4378-865D-029AD300AEA3}.Release|x64.ActiveCfg = Release|x64
		{CFCE4CE1-6B6B-4378-865D-029AD300AEA3}.Release|x64.Build.0 = Release|x64
		{CFCE4CE1-6B6B-4378-865D-029AD300AEA3}.Release|x86.ActiveCfg = Release|Win32
		{CFCE4CE1-6B6B-4378-865D-029AD300AEA3}.Release|x86.Build.0 = Release|Win32
	EndGlobalSection
	GlobalSection(SolutionProperties) = preSolution
		HideSolutionNode = FALSE
	EndGlobalSection
	GlobalSection(ExtensibilityGlobals) = postSolution
		SolutionGuid = {626E030D-3C9A-4AEC-8C3D-34F6D38F884E}
	EndGlobalSection
EndGlobal
