
Microsoft Visual Studio Solution File, Format Version 12.00
# Visual Studio 15
VisualStudioVersion = 15.0.28307.1433
MinimumVisualStudioVersion = 10.0.40219.1
Project("{8BC9CEB8-8B4A-11D0-8D11-00A0C91BC942}") = "Q155", "Q155\Q155.vcxproj", "{9F7D4FAA-DF62-450C-81CA-4B702C4E9F66}"
EndProject
Project("{8BC9CEB8-8B4A-11D0-8D11-00A0C91BC942}") = "Q156", "Q156\Q156.vcxproj", "{B6DDF134-260A-4498-97DA-6F8AEC9ACCD4}"
EndProject
Project("{8BC9CEB8-8B4A-11D0-8D11-00A0C91BC942}") = "Q157", "Q157\Q157.vcxproj", "{0AD19E04-AC28-46E0-A5D5-44DE9B5BA30D}"
EndProject
Project("{8BC9CEB8-8B4A-11D0-8D11-00A0C91BC942}") = "Q158", "Q158\Q158.vcxproj", "{DECF732F-DC6D-47BF-9EEF-71001D7A8641}"
EndProject
Project("{8BC9CEB8-8B4A-11D0-8D11-00A0C91BC942}") = "Q159", "Q159\Q159.vcxproj", "{873EA9DE-7279-4B69-901E-F98619A187F8}"
EndProject
Project("{8BC9CEB8-8B4A-11D0-8D11-00A0C91BC942}") = "Q160", "Q160\Q160.vcxproj", "{87EB659F-0C10-4594-918E-51F9D0F1BA22}"
EndProject
Project("{8BC9CEB8-8B4A-11D0-8D11-00A0C91BC942}") = "Q161", "Q161\Q161.vcxproj", "{0F4BCA6F-957C-44DB-9DC9-627BCF216950}"
EndProject
Project("{8BC9CEB8-8B4A-11D0-8D11-00A0C91BC942}") = "Q162", "Q162\Q162.vcxproj", "{7D870307-5949-43CF-A89B-743AFF967B5F}"
EndProject
Project("{8BC9CEB8-8B4A-11D0-8D11-00A0C91BC942}") = "Q163", "Q163\Q163.vcxproj", "{BF9D49E4-88D1-43CE-BB24-4EF166C89026}"
EndProject
Global
	GlobalSection(SolutionConfigurationPlatforms) = preSolution
		Debug|x64 = Debug|x64
		Debug|x86 = Debug|x86
		Release|x64 = Release|x64
		Release|x86 = Release|x86
	EndGlobalSection
	GlobalSection(ProjectConfigurationPlatforms) = postSolution
		{9F7D4FAA-DF62-450C-81CA-4B702C4E9F66}.Debug|x64.ActiveCfg = Debug|x64
		{9F7D4FAA-DF62-450C-81CA-4B702C4E9F66}.Debug|x64.Build.0 = Debug|x64
		{9F7D4FAA-DF62-450C-81CA-4B702C4E9F66}.Debug|x86.ActiveCfg = Debug|Win32
		{9F7D4FAA-DF62-450C-81CA-4B702C4E9F66}.Debug|x86.Build.0 = Debug|Win32
		{9F7D4FAA-DF62-450C-81CA-4B702C4E9F66}.Release|x64.ActiveCfg = Release|x64
		{9F7D4FAA-DF62-450C-81CA-4B702C4E9F66}.Release|x64.Build.0 = Release|x64
		{9F7D4FAA-DF62-450C-81CA-4B702C4E9F66}.Release|x86.ActiveCfg = Release|Win32
		{9F7D4FAA-DF62-450C-81CA-4B702C4E9F66}.Release|x86.Build.0 = Release|Win32
		{B6DDF134-260A-4498-97DA-6F8AEC9ACCD4}.Debug|x64.ActiveCfg = Debug|x64
		{B6DDF134-260A-4498-97DA-6F8AEC9ACCD4}.Debug|x64.Build.0 = Debug|x64
		{B6DDF134-260A-4498-97DA-6F8AEC9ACCD4}.Debug|x86.ActiveCfg = Debug|Win32
		{B6DDF134-260A-4498-97DA-6F8AEC9ACCD4}.Debug|x86.Build.0 = Debug|Win32
		{B6DDF134-260A-4498-97DA-6F8AEC9ACCD4}.Release|x64.ActiveCfg = Release|x64
		{B6DDF134-260A-4498-97DA-6F8AEC9ACCD4}.Release|x64.Build.0 = Release|x64
		{B6DDF134-260A-4498-97DA-6F8AEC9ACCD4}.Release|x86.ActiveCfg = Release|Win32
		{B6DDF134-260A-4498-97DA-6F8AEC9ACCD4}.Release|x86.Build.0 = Release|Win32
		{0AD19E04-AC28-46E0-A5D5-44DE9B5BA30D}.Debug|x64.ActiveCfg = Debug|x64
		{0AD19E04-AC28-46E0-A5D5-44DE9B5BA30D}.Debug|x64.Build.0 = Debug|x64
		{0AD19E04-AC28-46E0-A5D5-44DE9B5BA30D}.Debug|x86.ActiveCfg = Debug|Win32
		{0AD19E04-AC28-46E0-A5D5-44DE9B5BA30D}.Debug|x86.Build.0 = Debug|Win32
		{0AD19E04-AC28-46E0-A5D5-44DE9B5BA30D}.Release|x64.ActiveCfg = Release|x64
		{0AD19E04-AC28-46E0-A5D5-44DE9B5BA30D}.Release|x64.Build.0 = Release|x64
		{0AD19E04-AC28-46E0-A5D5-44DE9B5BA30D}.Release|x86.ActiveCfg = Release|Win32
		{0AD19E04-AC28-46E0-A5D5-44DE9B5BA30D}.Release|x86.Build.0 = Release|Win32
		{DECF732F-DC6D-47BF-9EEF-71001D7A8641}.Debug|x64.ActiveCfg = Debug|x64
		{DECF732F-DC6D-47BF-9EEF-71001D7A8641}.Debug|x64.Build.0 = Debug|x64
		{DECF732F-DC6D-47BF-9EEF-71001D7A8641}.Debug|x86.ActiveCfg = Debug|Win32
		{DECF732F-DC6D-47BF-9EEF-71001D7A8641}.Debug|x86.Build.0 = Debug|Win32
		{DECF732F-DC6D-47BF-9EEF-71001D7A8641}.Release|x64.ActiveCfg = Release|x64
		{DECF732F-DC6D-47BF-9EEF-71001D7A8641}.Release|x64.Build.0 = Release|x64
		{DECF732F-DC6D-47BF-9EEF-71001D7A8641}.Release|x86.ActiveCfg = Release|Win32
		{DECF732F-DC6D-47BF-9EEF-71001D7A8641}.Release|x86.Build.0 = Release|Win32
		{873EA9DE-7279-4B69-901E-F98619A187F8}.Debug|x64.ActiveCfg = Debug|x64
		{873EA9DE-7279-4B69-901E-F98619A187F8}.Debug|x64.Build.0 = Debug|x64
		{873EA9DE-7279-4B69-901E-F98619A187F8}.Debug|x86.ActiveCfg = Debug|Win32
		{873EA9DE-7279-4B69-901E-F98619A187F8}.Debug|x86.Build.0 = Debug|Win32
		{873EA9DE-7279-4B69-901E-F98619A187F8}.Release|x64.ActiveCfg = Release|x64
		{873EA9DE-7279-4B69-901E-F98619A187F8}.Release|x64.Build.0 = Release|x64
		{873EA9DE-7279-4B69-901E-F98619A187F8}.Release|x86.ActiveCfg = Release|Win32
		{873EA9DE-7279-4B69-901E-F98619A187F8}.Release|x86.Build.0 = Release|Win32
		{87EB659F-0C10-4594-918E-51F9D0F1BA22}.Debug|x64.ActiveCfg = Debug|x64
		{87EB659F-0C10-4594-918E-51F9D0F1BA22}.Debug|x64.Build.0 = Debug|x64
		{87EB659F-0C10-4594-918E-51F9D0F1BA22}.Debug|x86.ActiveCfg = Debug|Win32
		{87EB659F-0C10-4594-918E-51F9D0F1BA22}.Debug|x86.Build.0 = Debug|Win32
		{87EB659F-0C10-4594-918E-51F9D0F1BA22}.Release|x64.ActiveCfg = Release|x64
		{87EB659F-0C10-4594-918E-51F9D0F1BA22}.Release|x64.Build.0 = Release|x64
		{87EB659F-0C10-4594-918E-51F9D0F1BA22}.Release|x86.ActiveCfg = Release|Win32
		{87EB659F-0C10-4594-918E-51F9D0F1BA22}.Release|x86.Build.0 = Release|Win32
		{0F4BCA6F-957C-44DB-9DC9-627BCF216950}.Debug|x64.ActiveCfg = Debug|x64
		{0F4BCA6F-957C-44DB-9DC9-627BCF216950}.Debug|x64.Build.0 = Debug|x64
		{0F4BCA6F-957C-44DB-9DC9-627BCF216950}.Debug|x86.ActiveCfg = Debug|Win32
		{0F4BCA6F-957C-44DB-9DC9-627BCF216950}.Debug|x86.Build.0 = Debug|Win32
		{0F4BCA6F-957C-44DB-9DC9-627BCF216950}.Release|x64.ActiveCfg = Release|x64
		{0F4BCA6F-957C-44DB-9DC9-627BCF216950}.Release|x64.Build.0 = Release|x64
		{0F4BCA6F-957C-44DB-9DC9-627BCF216950}.Release|x86.ActiveCfg = Release|Win32
		{0F4BCA6F-957C-44DB-9DC9-627BCF216950}.Release|x86.Build.0 = Release|Win32
		{7D870307-5949-43CF-A89B-743AFF967B5F}.Debug|x64.ActiveCfg = Debug|x64
		{7D870307-5949-43CF-A89B-743AFF967B5F}.Debug|x64.Build.0 = Debug|x64
		{7D870307-5949-43CF-A89B-743AFF967B5F}.Debug|x86.ActiveCfg = Debug|Win32
		{7D870307-5949-43CF-A89B-743AFF967B5F}.Debug|x86.Build.0 = Debug|Win32
		{7D870307-5949-43CF-A89B-743AFF967B5F}.Release|x64.ActiveCfg = Release|x64
		{7D870307-5949-43CF-A89B-743AFF967B5F}.Release|x64.Build.0 = Release|x64
		{7D870307-5949-43CF-A89B-743AFF967B5F}.Release|x86.ActiveCfg = Release|Win32
		{7D870307-5949-43CF-A89B-743AFF967B5F}.Release|x86.Build.0 = Release|Win32
		{BF9D49E4-88D1-43CE-BB24-4EF166C89026}.Debug|x64.ActiveCfg = Debug|x64
		{BF9D49E4-88D1-43CE-BB24-4EF166C89026}.Debug|x64.Build.0 = Debug|x64
		{BF9D49E4-88D1-43CE-BB24-4EF166C89026}.Debug|x86.ActiveCfg = Debug|Win32
		{BF9D49E4-88D1-43CE-BB24-4EF166C89026}.Debug|x86.Build.0 = Debug|Win32
		{BF9D49E4-88D1-43CE-BB24-4EF166C89026}.Release|x64.ActiveCfg = Release|x64
		{BF9D49E4-88D1-43CE-BB24-4EF166C89026}.Release|x64.Build.0 = Release|x64
		{BF9D49E4-88D1-43CE-BB24-4EF166C89026}.Release|x86.ActiveCfg = Release|Win32
		{BF9D49E4-88D1-43CE-BB24-4EF166C89026}.Release|x86.Build.0 = Release|Win32
	EndGlobalSection
	GlobalSection(SolutionProperties) = preSolution
		HideSolutionNode = FALSE
	EndGlobalSection
	GlobalSection(ExtensibilityGlobals) = postSolution
		SolutionGuid = {CC992E7F-B318-4382-8256-8B8A4B2363D9}
	EndGlobalSection
EndGlobal
